
Microsoft Visual Studio Solution File, Format Version 12.00
# Visual Studio Version 17
VisualStudioVersion = 17.7.34031.279
MinimumVisualStudioVersion = 10.0.40219.1
Project("{FAE04EC0-301F-11D3-BF4B-00C04F79EFBC}") = "Phase1Section4.9", "Phase1Section4.9\Phase1Section4.9.csproj", "{BDCCF36A-4697-4F05-986F-047B9844D4BA}"
EndProject
Global
	GlobalSection(SolutionConfigurationPlatforms) = preSolution
		Debug|Any CPU = Debug|Any CPU
		Release|Any CPU = Release|Any CPU
	EndGlobalSection
	GlobalSection(ProjectConfigurationPlatforms) = postSolution
		{BDCCF36A-4697-4F05-986F-047B9844D4BA}.Debug|Any CPU.ActiveCfg = Debug|Any CPU
		{BDCCF36A-4697-4F05-986F-047B9844D4BA}.Debug|Any CPU.Build.0 = Debug|Any CPU
		{BDCCF36A-4697-4F05-986F-047B9844D4BA}.Release|Any CPU.ActiveCfg = Release|Any CPU
		{BDCCF36A-4697-4F05-986F-047B9844D4BA}.Release|Any CPU.Build.0 = Release|Any CPU
	EndGlobalSection
	GlobalSection(SolutionProperties) = preSolution
		HideSolutionNode = FALSE
	EndGlobalSection
	GlobalSection(ExtensibilityGlobals) = postSolution
		SolutionGuid = {5F0CE40C-4AED-40A9-8CD4-FCD261A10F60}
	EndGlobalSection
EndGlobal
